{
  "name": "nodets",
  "version": "1.0.0",
  "lockfileVersion": 1,
  "requires": true,
  "dependencies": {
    "@cspotcode/source-map-consumer": {
      "version": "0.8.0",
      "resolved": "https://registry.nlark.com/@cspotcode/source-map-consumer/download/@cspotcode/source-map-consumer-0.8.0.tgz",
      "integrity": "sha1-M79LeznBeIIWBvZpu8RHpqYpeGs=",
      "dev": true
    },
    "@cspotcode/source-map-support": {
      "version": "0.6.1",
      "resolved": "https://registry.nlark.com/@cspotcode/source-map-support/download/@cspotcode/source-map-support-0.6.1.tgz?cache=0&sync_timestamp=1628464861456&other_urls=https%3A%2F%2Fregistry.nlark.com%2F%40cspotcode%2Fsource-map-support%2Fdownload%2F%40cspotcode%2Fsource-map-support-0.6.1.tgz",
      "integrity": "sha1-EYUR8xbi6H7kKUdhho4lTT2keWA=",
      "dev": true,
      "requires": {
        "@cspotcode/source-map-consumer": "0.8.0"
      }
    },
    "@sqltools/formatter": {
      "version": "1.2.3",
      "resolved": "https://registry.npmmirror.com/@sqltools/formatter/download/@sqltools/formatter-1.2.3.tgz",
      "integrity": "sha1-EYVyZhCsw3MX3asRw8f5BmlmvSA="
    },
    "@tsconfig/node10": {
      "version": "1.0.8",
      "resolved": "https://registry.nlark.com/@tsconfig/node10/download/@tsconfig/node10-1.0.8.tgz?cache=0&sync_timestamp=1623230113943&other_urls=https%3A%2F%2Fregistry.nlark.com%2F%40tsconfig%2Fnode10%2Fdownload%2F%40tsconfig%2Fnode10-1.0.8.tgz",
      "integrity": "sha1-weToDW+WT77LM1nEO9SLQPfK2tk=",
      "dev": true
    },
    "@tsconfig/node12": {
      "version": "1.0.9",
      "resolved": "https://registry.nlark.com/@tsconfig/node12/download/@tsconfig/node12-1.0.9.tgz",
      "integrity": "sha1-YsH23uLr2a6tgNw6+laBDljhoEw=",
      "dev": true
    },
    "@tsconfig/node14": {
      "version": "1.0.1",
      "resolved": "https://registry.nlark.com/@tsconfig/node14/download/@tsconfig/node14-1.0.1.tgz?cache=0&sync_timestamp=1623230113946&other_urls=https%3A%2F%2Fregistry.nlark.com%2F%40tsconfig%2Fnode14%2Fdownload%2F%40tsconfig%2Fnode14-1.0.1.tgz",
      "integrity": "sha1-lfLRZ/+5uNIGiwsjUwL6/U33EfI=",
      "dev": true
    },
    "@tsconfig/node16": {
      "version": "1.0.2",
      "resolved": "https://registry.nlark.com/@tsconfig/node16/download/@tsconfig/node16-1.0.2.tgz?cache=0&sync_timestamp=1626840702633&other_urls=https%3A%2F%2Fregistry.nlark.com%2F%40tsconfig%2Fnode16%2Fdownload%2F%40tsconfig%2Fnode16-1.0.2.tgz",
      "integrity": "sha1-Qjx3h30Fadsg4fyAiFrEEYMUAQ4=",
      "dev": true
    },
    "@types/node": {
      "version": "16.7.8",
      "resolved": "https://registry.nlark.com/@types/node/download/@types/node-16.7.8.tgz?cache=0&sync_timestamp=1630352057369&other_urls=https%3A%2F%2Fregistry.nlark.com%2F%40types%2Fnode%2Fdownload%2F%40types%2Fnode-16.7.8.tgz",
      "integrity": "sha1-JEi+XyT+a3cRRjK2NQ/NIZM0ZR4=",
      "dev": true
    },
    "@types/zen-observable": {
      "version": "0.8.3",
      "resolved": "https://registry.npmmirror.com/@types/zen-observable/download/@types/zen-observable-0.8.3.tgz",
      "integrity": "sha1-eB02DCgkNklLMv59n3+OZLMRiqM="
    },
    "acorn": {
      "version": "8.4.1",
      "resolved": "https://registry.nlark.com/acorn/download/acorn-8.4.1.tgz?cache=0&sync_timestamp=1624526855420&other_urls=https%3A%2F%2Fregistry.nlark.com%2Facorn%2Fdownload%2Facorn-8.4.1.tgz",
      "integrity": "sha1-VsNiUfx8q8cJatwY8Fr+gUMhoow=",
      "dev": true
    },
    "acorn-walk": {
      "version": "8.1.1",
      "resolved": "https://registry.nlark.com/acorn-walk/download/acorn-walk-8.1.1.tgz?cache=0&sync_timestamp=1624951990736&other_urls=https%3A%2F%2Fregistry.nlark.com%2Facorn-walk%2Fdownload%2Facorn-walk-8.1.1.tgz",
      "integrity": "sha1-Pdq3+E5KfiMT9sQUxbfayF9OPrw=",
      "dev": true
    },
    "ansi-regex": {
      "version": "5.0.1",
      "resolved": "https://registry.npmmirror.com/ansi-regex/download/ansi-regex-5.0.1.tgz",
      "integrity": "sha1-CCyyyJyf6GWaMRpTvWpNxTAdswQ="
    },
    "ansi-styles": {
      "version": "4.3.0",
      "resolved": "https://registry.npmmirror.com/ansi-styles/download/ansi-styles-4.3.0.tgz",
      "integrity": "sha1-7dgDYornHATIWuegkG7a00tkiTc=",
      "requires": {
        "color-convert": "^2.0.1"
      }
    },
    "any-promise": {
      "version": "1.3.0",
      "resolved": "https://registry.npmmirror.com/any-promise/download/any-promise-1.3.0.tgz",
      "integrity": "sha1-q8av7tzqUugJzcA3au0845Y10X8="
    },
    "app-root-path": {
      "version": "3.0.0",
      "resolved": "https://registry.npmmirror.com/app-root-path/download/app-root-path-3.0.0.tgz",
      "integrity": "sha1-IQtvQ4cyJ+GKS4EKAyKDMRVV1a0="
    },
    "arg": {
      "version": "4.1.3",
      "resolved": "https://registry.nlark.com/arg/download/arg-4.1.3.tgz?cache=0&sync_timestamp=1629166495886&other_urls=https%3A%2F%2Fregistry.nlark.com%2Farg%2Fdownload%2Farg-4.1.3.tgz",
      "integrity": "sha1-Jp/HrVuOQstjyJbVZmAXJhwUQIk=",
      "dev": true
    },
    "argparse": {
      "version": "2.0.1",
      "resolved": "https://registry.npmmirror.com/argparse/download/argparse-2.0.1.tgz",
      "integrity": "sha1-JG9Q88p4oyQPbJl+ipvR6sSeSzg="
    },
    "balanced-match": {
      "version": "1.0.2",
      "resolved": "https://registry.npmmirror.com/balanced-match/download/balanced-match-1.0.2.tgz",
      "integrity": "sha1-6D46fj8wCzTLnYf2FfoMvzV2kO4="
    },
    "base64-js": {
      "version": "1.5.1",
      "resolved": "https://registry.npmmirror.com/base64-js/download/base64-js-1.5.1.tgz",
      "integrity": "sha1-GxtEAWClv3rUC2UPCVljSBkDkwo="
    },
    "bl": {
      "version": "2.2.1",
      "resolved": "https://registry.npmmirror.com/bl/download/bl-2.2.1.tgz",
      "integrity": "sha1-jBGntzBlXF1WiYzchxIk9A/ZAdU=",
      "requires": {
        "readable-stream": "^2.3.5",
        "safe-buffer": "^5.1.1"
      }
    },
    "brace-expansion": {
      "version": "1.1.11",
      "resolved": "https://registry.npmmirror.com/brace-expansion/download/brace-expansion-1.1.11.tgz",
      "integrity": "sha1-PH/L9SnYcibz0vUrlm/1Jx60Qd0=",
      "requires": {
        "balanced-match": "^1.0.0",
        "concat-map": "0.0.1"
      }
    },
    "bson": {
      "version": "1.1.6",
      "resolved": "https://registry.npmmirror.com/bson/download/bson-1.1.6.tgz",
      "integrity": "sha1-+4Gb6aYM1nfghTruTKcSp4XWYYo="
    },
    "chalk": {
      "version": "4.1.2",
      "resolved": "https://registry.npmmirror.com/chalk/download/chalk-4.1.2.tgz",
      "integrity": "sha1-qsTit3NKdAhnrrFr8CqtVWoeegE=",
      "requires": {
        "ansi-styles": "^4.1.0",
        "supports-color": "^7.1.0"
      }
    },
    "cli-highlight": {
      "version": "2.1.11",
      "resolved": "https://registry.npmmirror.com/cli-highlight/download/cli-highlight-2.1.11.tgz",
      "integrity": "sha1-SXNvpFLwqvT65YDjCssmgo0twb8=",
      "requires": {
        "chalk": "^4.0.0",
        "highlight.js": "^10.7.1",
        "mz": "^2.4.0",
        "parse5": "^5.1.1",
        "parse5-htmlparser2-tree-adapter": "^6.0.0",
        "yargs": "^16.0.0"
      },
      "dependencies": {
        "yargs": {
          "version": "16.2.0",
          "resolved": "https://registry.npmmirror.com/yargs/download/yargs-16.2.0.tgz",
          "integrity": "sha1-HIK/D2tqZur85+8w43b0mhJHf2Y=",
          "requires": {
            "cliui": "^7.0.2",
            "escalade": "^3.1.1",
            "get-caller-file": "^2.0.5",
            "require-directory": "^2.1.1",
            "string-width": "^4.2.0",
            "y18n": "^5.0.5",
            "yargs-parser": "^20.2.2"
          }
        }
      }
    },
    "cliui": {
      "version": "7.0.4",
      "resolved": "https://registry.npmmirror.com/cliui/download/cliui-7.0.4.tgz",
      "integrity": "sha1-oCZe5lVHb8gHrqnfPfjfd4OAi08=",
      "requires": {
        "string-width": "^4.2.0",
        "strip-ansi": "^6.0.0",
        "wrap-ansi": "^7.0.0"
      }
    },
    "color-convert": {
      "version": "2.0.1",
      "resolved": "https://registry.npmmirror.com/color-convert/download/color-convert-2.0.1.tgz",
      "integrity": "sha1-ctOmjVmMm9s68q0ehPIdiWq9TeM=",
      "requires": {
        "color-name": "~1.1.4"
      }
    },
    "color-name": {
      "version": "1.1.4",
      "resolved": "https://registry.npmmirror.com/color-name/download/color-name-1.1.4.tgz",
      "integrity": "sha1-wqCah6y95pVD3m9j+jmVyCbFNqI="
    },
    "concat-map": {
      "version": "0.0.1",
      "resolved": "https://registry.npmmirror.com/concat-map/download/concat-map-0.0.1.tgz",
      "integrity": "sha1-2Klr13/Wjfd5OnMDajug1UBdR3s="
    },
    "core-util-is": {
      "version": "1.0.3",
      "resolved": "https://registry.npmmirror.com/core-util-is/download/core-util-is-1.0.3.tgz",
      "integrity": "sha1-pgQtNjTCsn6TKPg3uWX6yDgI24U="
    },
    "create-require": {
      "version": "1.1.1",
      "resolved": "https://registry.npm.taobao.org/create-require/download/create-require-1.1.1.tgz",
      "integrity": "sha1-wdfo8eX2z8n/ZfnNNS03NIdWwzM=",
      "dev": true
    },
    "debug": {
      "version": "4.3.3",
      "resolved": "https://registry.npmmirror.com/debug/download/debug-4.3.3.tgz",
      "integrity": "sha512-/zxw5+vh1Tfv+4Qn7a5nsbcJKPaSvCDhojn6FEl9vupwK2VCSDtEiEtqr8DFtzYFOdz63LBkxec7DYuc2jon6Q==",
      "requires": {
        "ms": "2.1.2"
      }
    },
    "denque": {
      "version": "1.5.1",
      "resolved": "https://registry.npmmirror.com/denque/download/denque-1.5.1.tgz",
      "integrity": "sha1-B/Zw4pyaePj67LJWah4sEZKcXL8="
    },
    "diff": {
      "version": "4.0.2",
      "resolved": "https://registry.npm.taobao.org/diff/download/diff-4.0.2.tgz",
      "integrity": "sha1-YPOuy4nV+uUgwRqhnvwruYKq3n0=",
      "dev": true
    },
    "dotenv": {
      "version": "8.6.0",
      "resolved": "https://registry.npmmirror.com/dotenv/download/dotenv-8.6.0.tgz",
      "integrity": "sha1-Bhr2ZNGff02PxuT/m1hM4jety4s="
    },
    "emoji-regex": {
      "version": "8.0.0",
      "resolved": "https://registry.npmmirror.com/emoji-regex/download/emoji-regex-8.0.0.tgz?cache=0&sync_timestamp=1632752198735&other_urls=https%3A%2F%2Fregistry.npmmirror.com%2Femoji-regex%2Fdownload%2Femoji-regex-8.0.0.tgz",
      "integrity": "sha1-6Bj9ac5cz8tARZT4QpY79TFkzDc="
    },
    "escalade": {
      "version": "3.1.1",
      "resolved": "https://registry.npmmirror.com/escalade/download/escalade-3.1.1.tgz",
      "integrity": "sha1-2M/ccACWXFoBdLSoLqpcBVJ0LkA="
    },
    "fs.realpath": {
      "version": "1.0.0",
      "resolved": "https://registry.npmmirror.com/fs.realpath/download/fs.realpath-1.0.0.tgz",
      "integrity": "sha1-FQStJSMVjKpA20onh8sBQRmU6k8="
    },
    "get-caller-file": {
      "version": "2.0.5",
      "resolved": "https://registry.npmmirror.com/get-caller-file/download/get-caller-file-2.0.5.tgz",
      "integrity": "sha1-T5RBKoLbMvNuOwuXQfipf+sDH34="
    },
    "glob": {
      "version": "7.2.0",
      "resolved": "https://registry.npmmirror.com/glob/download/glob-7.2.0.tgz",
      "integrity": "sha1-0VU1r3cy4C6Uj0xBYovZECk/YCM=",
      "requires": {
        "fs.realpath": "^1.0.0",
        "inflight": "^1.0.4",
        "inherits": "2",
        "minimatch": "^3.0.4",
        "once": "^1.3.0",
        "path-is-absolute": "^1.0.0"
      }
    },
    "has-flag": {
      "version": "4.0.0",
      "resolved": "https://registry.npmmirror.com/has-flag/download/has-flag-4.0.0.tgz",
      "integrity": "sha1-lEdx/ZyByBJlxNaUGGDaBrtZR5s="
    },
    "highlight.js": {
      "version": "10.7.3",
      "resolved": "https://registry.npmmirror.com/highlight.js/download/highlight.js-10.7.3.tgz",
      "integrity": "sha1-aXJy45kTVuQMPKxWanTu9oF1ZTE="
    },
    "ieee754": {
      "version": "1.2.1",
      "resolved": "https://registry.npmmirror.com/ieee754/download/ieee754-1.2.1.tgz",
      "integrity": "sha1-jrehCmP/8l0VpXsAFYbRd9Gw01I="
    },
    "inflight": {
      "version": "1.0.6",
      "resolved": "https://registry.npmmirror.com/inflight/download/inflight-1.0.6.tgz",
      "integrity": "sha1-Sb1jMdfQLQwJvJEKEHW6gWW1bfk=",
      "requires": {
        "once": "^1.3.0",
        "wrappy": "1"
      }
    },
    "inherits": {
      "version": "2.0.4",
      "resolved": "https://registry.npmmirror.com/inherits/download/inherits-2.0.4.tgz",
      "integrity": "sha1-D6LGT5MpF8NDOg3tVTY6rjdBa3w="
    },
    "is-fullwidth-code-point": {
      "version": "3.0.0",
      "resolved": "https://registry.npmmirror.com/is-fullwidth-code-point/download/is-fullwidth-code-point-3.0.0.tgz",
      "integrity": "sha1-8Rb4Bk/pCz94RKOJl8C3UFEmnx0="
    },
    "isarray": {
      "version": "1.0.0",
      "resolved": "https://registry.npmmirror.com/isarray/download/isarray-1.0.0.tgz",
      "integrity": "sha1-u5NdSFgsuhaMBoNJV6VKPgcSTxE="
    },
    "js-yaml": {
      "version": "4.1.0",
      "resolved": "https://registry.npmmirror.com/js-yaml/download/js-yaml-4.1.0.tgz",
      "integrity": "sha1-wftl+PUBeQHN0slRhkuhhFihBgI=",
      "requires": {
        "argparse": "^2.0.1"
      }
    },
    "make-error": {
      "version": "1.3.6",
      "resolved": "https://registry.nlark.com/make-error/download/make-error-1.3.6.tgz",
      "integrity": "sha1-LrLjfqm2fEiR9oShOUeZr0hM96I=",
      "dev": true
    },
    "memory-pager": {
      "version": "1.5.0",
      "resolved": "https://registry.npmmirror.com/memory-pager/download/memory-pager-1.5.0.tgz",
      "integrity": "sha1-2HUWVdItOEaCdByXLyw9bfo+ZrU=",
      "optional": true
    },
    "minimatch": {
      "version": "3.0.4",
      "resolved": "https://registry.npmmirror.com/minimatch/download/minimatch-3.0.4.tgz",
      "integrity": "sha1-UWbihkV/AzBgZL5Ul+jbsMPTIIM=",
      "requires": {
        "brace-expansion": "^1.1.7"
      }
    },
    "mkdirp": {
      "version": "1.0.4",
      "resolved": "https://registry.npmmirror.com/mkdirp/download/mkdirp-1.0.4.tgz",
      "integrity": "sha1-PrXtYmInVteaXw4qIh3+utdcL34="
    },
    "mongodb": {
      "version": "3.7.3",
      "resolved": "https://registry.npmmirror.com/mongodb/download/mongodb-3.7.3.tgz",
      "integrity": "sha1-t5Sc/QrcTMfTLT8gNCFNRHXxdaU=",
      "requires": {
        "bl": "^2.2.1",
        "bson": "^1.1.4",
        "denque": "^1.4.1",
        "optional-require": "^1.1.8",
        "safe-buffer": "^5.1.2",
        "saslprep": "^1.0.0"
      }
    },
    "ms": {
      "version": "2.1.2",
      "resolved": "https://registry.npmmirror.com/ms/download/ms-2.1.2.tgz",
      "integrity": "sha1-0J0fNXtEP0kzgqjrPM0YOHKuYAk="
    },
    "mz": {
      "version": "2.7.0",
      "resolved": "https://registry.npmmirror.com/mz/download/mz-2.7.0.tgz",
      "integrity": "sha1-lQCAV6Vsr63CvGPd5/n/aVWUjjI=",
      "requires": {
        "any-promise": "^1.0.0",
        "object-assign": "^4.0.1",
        "thenify-all": "^1.0.0"
      }
    },
    "object-assign": {
      "version": "4.1.1",
      "resolved": "https://registry.npmmirror.com/object-assign/download/object-assign-4.1.1.tgz",
      "integrity": "sha1-IQmtx5ZYh8/AXLvUQsrIv7s2CGM="
    },
    "once": {
      "version": "1.4.0",
      "resolved": "https://registry.npmmirror.com/once/download/once-1.4.0.tgz",
      "integrity": "sha1-WDsap3WWHUsROsF9nFC6753Xa9E=",
      "requires": {
        "wrappy": "1"
      }
    },
    "optional-require": {
      "version": "1.1.8",
      "resolved": "https://registry.npmmirror.com/optional-require/download/optional-require-1.1.8.tgz",
      "integrity": "sha1-FjZNdiYbddlkxIKyQGy4JNjsRLc=",
      "requires": {
        "require-at": "^1.0.6"
      }
    },
    "parse5": {
      "version": "5.1.1",
      "resolved": "https://registry.npmmirror.com/parse5/download/parse5-5.1.1.tgz",
      "integrity": "sha1-9o5OW6GFKsLK3AD0VV//bCq7YXg="
    },
    "parse5-htmlparser2-tree-adapter": {
      "version": "6.0.1",
      "resolved": "https://registry.npmmirror.com/parse5-htmlparser2-tree-adapter/download/parse5-htmlparser2-tree-adapter-6.0.1.tgz",
      "integrity": "sha1-LN+a2CMyEUA3DU2/XT6Sx8jdxuY=",
      "requires": {
        "parse5": "^6.0.1"
      },
      "dependencies": {
        "parse5": {
          "version": "6.0.1",
          "resolved": "https://registry.npmmirror.com/parse5/download/parse5-6.0.1.tgz",
          "integrity": "sha1-4aHAhcVps9wIMhGE8Zo5zCf3wws="
        }
      }
    },
    "path-is-absolute": {
      "version": "1.0.1",
      "resolved": "https://registry.npmmirror.com/path-is-absolute/download/path-is-absolute-1.0.1.tgz",
      "integrity": "sha1-F0uSaHNVNP+8es5r9TpanhtcX18="
    },
    "prettier": {
      "version": "2.3.2",
      "resolved": "https://registry.nlark.com/prettier/download/prettier-2.3.2.tgz?cache=0&sync_timestamp=1624696193562&other_urls=https%3A%2F%2Fregistry.nlark.com%2Fprettier%2Fdownload%2Fprettier-2.3.2.tgz",
      "integrity": "sha1-7ygKBewlNxLkhiM9tcbyNEHnNC0=",
      "dev": true
    },
    "process-nextick-args": {
      "version": "2.0.1",
      "resolved": "https://registry.npmmirror.com/process-nextick-args/download/process-nextick-args-2.0.1.tgz",
      "integrity": "sha1-eCDZsWEgzFXKmud5JoCufbptf+I="
    },
    "readable-stream": {
      "version": "2.3.7",
      "resolved": "https://registry.npmmirror.com/readable-stream/download/readable-stream-2.3.7.tgz?cache=0&sync_timestamp=1632380409088&other_urls=https%3A%2F%2Fregistry.npmmirror.com%2Freadable-stream%2Fdownload%2Freadable-stream-2.3.7.tgz",
      "integrity": "sha1-Hsoc9xGu+BTAT2IlKjamL2yyO1c=",
      "requires": {
        "core-util-is": "~1.0.0",
        "inherits": "~2.0.3",
        "isarray": "~1.0.0",
        "process-nextick-args": "~2.0.0",
        "safe-buffer": "~5.1.1",
        "string_decoder": "~1.1.1",
        "util-deprecate": "~1.0.1"
      },
      "dependencies": {
        "safe-buffer": {
          "version": "5.1.2",
          "resolved": "https://registry.npmmirror.com/safe-buffer/download/safe-buffer-5.1.2.tgz",
          "integrity": "sha1-mR7GnSluAxN0fVm9/St0XDX4go0="
        }
      }
    },
    "reflect-metadata": {
      "version": "0.1.13",
      "resolved": "https://registry.npmmirror.com/reflect-metadata/download/reflect-metadata-0.1.13.tgz",
      "integrity": "sha1-Z648pXyXKiqhZCsQ/jY/4y1J3Ag="
    },
    "require-at": {
      "version": "1.0.6",
      "resolved": "https://registry.npmmirror.com/require-at/download/require-at-1.0.6.tgz",
      "integrity": "sha1-nrfjxeAHJ/WkdEBwp/Vg1N5Pbmo="
    },
    "require-directory": {
      "version": "2.1.1",
      "resolved": "https://registry.npmmirror.com/require-directory/download/require-directory-2.1.1.tgz",
      "integrity": "sha1-jGStX9MNqxyXbiNE/+f3kqam30I="
    },
    "safe-buffer": {
      "version": "5.2.1",
      "resolved": "https://registry.npmmirror.com/safe-buffer/download/safe-buffer-5.2.1.tgz",
      "integrity": "sha1-Hq+fqb2x/dTsdfWPnNtOa3gn7sY="
    },
    "saslprep": {
      "version": "1.0.3",
      "resolved": "https://registry.npmmirror.com/saslprep/download/saslprep-1.0.3.tgz",
      "integrity": "sha1-TAL5RrVs9UKX40e6EJPnrKxM8iY=",
      "optional": true,
      "requires": {
        "sparse-bitfield": "^3.0.3"
      }
    },
    "sax": {
      "version": "1.2.4",
      "resolved": "https://registry.npmmirror.com/sax/download/sax-1.2.4.tgz",
      "integrity": "sha1-KBYjTiN4vdxOU1T6tcqold9xANk="
    },
    "sha.js": {
      "version": "2.4.11",
      "resolved": "https://registry.npmmirror.com/sha.js/download/sha.js-2.4.11.tgz",
      "integrity": "sha1-N6XPC4HsvGlD3hCbopYNGyZYSuc=",
      "requires": {
        "inherits": "^2.0.1",
        "safe-buffer": "^5.0.1"
      }
    },
    "sparse-bitfield": {
      "version": "3.0.3",
      "resolved": "https://registry.npmmirror.com/sparse-bitfield/download/sparse-bitfield-3.0.3.tgz",
      "integrity": "sha1-/0rm5oZWBWuks+eSqzM004JzyhE=",
      "optional": true,
      "requires": {
        "memory-pager": "^1.0.2"
      }
    },
    "string-width": {
      "version": "4.2.3",
      "resolved": "https://registry.npmmirror.com/string-width/download/string-width-4.2.3.tgz",
      "integrity": "sha1-JpxxF9J7Ba0uU2gwqOyJXvnG0BA=",
      "requires": {
        "emoji-regex": "^8.0.0",
        "is-fullwidth-code-point": "^3.0.0",
        "strip-ansi": "^6.0.1"
      }
    },
    "string_decoder": {
      "version": "1.1.1",
      "resolved": "https://registry.npmmirror.com/string_decoder/download/string_decoder-1.1.1.tgz",
      "integrity": "sha1-nPFhG6YmhdcDCunkujQUnDrwP8g=",
      "requires": {
        "safe-buffer": "~5.1.0"
      },
      "dependencies": {
        "safe-buffer": {
          "version": "5.1.2",
          "resolved": "https://registry.npmmirror.com/safe-buffer/download/safe-buffer-5.1.2.tgz",
          "integrity": "sha1-mR7GnSluAxN0fVm9/St0XDX4go0="
        }
      }
    },
    "strip-ansi": {
      "version": "6.0.1",
      "resolved": "https://registry.npmmirror.com/strip-ansi/download/strip-ansi-6.0.1.tgz",
      "integrity": "sha1-nibGPTD1NEPpSJSVshBdN7Z6hdk=",
      "requires": {
        "ansi-regex": "^5.0.1"
      }
    },
    "supports-color": {
      "version": "7.2.0",
      "resolved": "https://registry.npmmirror.com/supports-color/download/supports-color-7.2.0.tgz",
      "integrity": "sha1-G33NyzK4E4gBs+R4umpRyqiWSNo=",
      "requires": {
        "has-flag": "^4.0.0"
      }
    },
    "thenify": {
      "version": "3.3.1",
      "resolved": "https://registry.npmmirror.com/thenify/download/thenify-3.3.1.tgz",
      "integrity": "sha1-iTLmhqQGYDigFt2eLKRq3Zg4qV8=",
      "requires": {
        "any-promise": "^1.0.0"
      }
    },
    "thenify-all": {
      "version": "1.6.0",
      "resolved": "https://registry.npmmirror.com/thenify-all/download/thenify-all-1.6.0.tgz",
      "integrity": "sha1-GhkY1ALY/D+Y+/I02wvMjMEOlyY=",
      "requires": {
        "thenify": ">= 3.1.0 < 4"
      }
    },
    "ts-node": {
      "version": "10.2.1",
      "resolved": "https://registry.nlark.com/ts-node/download/ts-node-10.2.1.tgz?cache=0&sync_timestamp=1629307990880&other_urls=https%3A%2F%2Fregistry.nlark.com%2Fts-node%2Fdownload%2Fts-node-10.2.1.tgz",
      "integrity": "sha1-TMk76gp6uiF5SX5luwjd/BmLOrU=",
      "dev": true,
      "requires": {
        "@cspotcode/source-map-support": "0.6.1",
        "@tsconfig/node10": "^1.0.7",
        "@tsconfig/node12": "^1.0.7",
        "@tsconfig/node14": "^1.0.0",
        "@tsconfig/node16": "^1.0.2",
        "acorn": "^8.4.1",
        "acorn-walk": "^8.1.1",
        "arg": "^4.1.0",
        "create-require": "^1.1.0",
        "diff": "^4.0.1",
        "make-error": "^1.1.1",
        "yn": "3.1.1"
      }
    },
    "tslib": {
      "version": "2.3.1",
      "resolved": "https://registry.npmmirror.com/tslib/download/tslib-2.3.1.tgz",
      "integrity": "sha1-6KM1rdXOrlGqJh0ypJAVjvBC7wE="
    },
    "typeorm": {
      "version": "0.2.41",
      "resolved": "https://registry.npmmirror.com/typeorm/download/typeorm-0.2.41.tgz",
      "integrity": "sha512-/d8CLJJxKPgsnrZWiMyPI0rz2MFZnBQrnQ5XP3Vu3mswv2WPexb58QM6BEtmRmlTMYN5KFWUz8SKluze+wS9xw==",
      "requires": {
        "@sqltools/formatter": "^1.2.2",
        "app-root-path": "^3.0.0",
        "buffer": "^6.0.3",
        "chalk": "^4.1.0",
        "cli-highlight": "^2.1.11",
        "debug": "^4.3.1",
        "dotenv": "^8.2.0",
        "glob": "^7.1.6",
        "js-yaml": "^4.0.0",
        "mkdirp": "^1.0.4",
        "reflect-metadata": "^0.1.13",
        "sha.js": "^2.4.11",
        "tslib": "^2.1.0",
        "xml2js": "^0.4.23",
        "yargs": "^17.0.1",
        "zen-observable-ts": "^1.0.0"
      },
      "dependencies": {
        "buffer": {
          "version": "6.0.3",
          "resolved": "https://registry.npmmirror.com/buffer/download/buffer-6.0.3.tgz",
          "integrity": "sha1-Ks5XhFnMj74qcKqo9S7mO2p0xsY=",
          "requires": {
            "base64-js": "^1.3.1",
            "ieee754": "^1.2.1"
          }
        }
      }
    },
    "typescript": {
      "version": "4.3.5",
      "resolved": "https://registry.nlark.com/typescript/download/typescript-4.3.5.tgz?cache=0&sync_timestamp=1629876068854&other_urls=https%3A%2F%2Fregistry.nlark.com%2Ftypescript%2Fdownload%2Ftypescript-4.3.5.tgz",
      "integrity": "sha1-TRw3zBbok5c8RaBohrcRMjTxGfQ=",
      "dev": true
    },
    "util-deprecate": {
      "version": "1.0.2",
      "resolved": "https://registry.npmmirror.com/util-deprecate/download/util-deprecate-1.0.2.tgz",
      "integrity": "sha1-RQ1Nyfpw3nMnYvvS1KKJgUGaDM8="
    },
    "wrap-ansi": {
      "version": "7.0.0",
      "resolved": "https://registry.npmmirror.com/wrap-ansi/download/wrap-ansi-7.0.0.tgz",
      "integrity": "sha1-Z+FFz/UQpqaYS98RUpEdadLrnkM=",
      "requires": {
        "ansi-styles": "^4.0.0",
        "string-width": "^4.1.0",
        "strip-ansi": "^6.0.0"
      }
    },
    "wrappy": {
      "version": "1.0.2",
      "resolved": "https://registry.npmmirror.com/wrappy/download/wrappy-1.0.2.tgz",
      "integrity": "sha1-tSQ9jz7BqjXxNkYFvA0QNuMKtp8="
    },
    "xml2js": {
      "version": "0.4.23",
      "resolved": "https://registry.npmmirror.com/xml2js/download/xml2js-0.4.23.tgz",
      "integrity": "sha1-oMaVFnUkIesqx1juTUzPWIQ+rGY=",
      "requires": {
        "sax": ">=0.6.0",
        "xmlbuilder": "~11.0.0"
      }
    },
    "xmlbuilder": {
      "version": "11.0.1",
      "resolved": "https://registry.npmmirror.com/xmlbuilder/download/xmlbuilder-11.0.1.tgz",
      "integrity": "sha1-vpuuHIoEbnazESdyY0fQrXACvrM="
    },
    "y18n": {
      "version": "5.0.8",
      "resolved": "https://registry.npmmirror.com/y18n/download/y18n-5.0.8.tgz",
      "integrity": "sha1-f0k00PfKjFb5UxSTndzS3ZHOHVU="
    },
    "yargs": {
      "version": "17.3.0",
      "resolved": "https://registry.npmmirror.com/yargs/download/yargs-17.3.0.tgz",
      "integrity": "sha512-GQl1pWyDoGptFPJx9b9L6kmR33TGusZvXIZUT+BOz9f7X2L94oeAskFYLEg/FkhV06zZPBYLvLZRWeYId29lew==",
      "requires": {
        "cliui": "^7.0.2",
        "escalade": "^3.1.1",
        "get-caller-file": "^2.0.5",
        "require-directory": "^2.1.1",
        "string-width": "^4.2.3",
        "y18n": "^5.0.5",
        "yargs-parser": "^21.0.0"
      },
      "dependencies": {
        "yargs-parser": {
          "version": "21.0.0",
          "resolved": "https://registry.npmmirror.com/yargs-parser/download/yargs-parser-21.0.0.tgz?cache=0&sync_timestamp=1637031026741&other_urls=https%3A%2F%2Fregistry.npmmirror.com%2Fyargs-parser%2Fdownload%2Fyargs-parser-21.0.0.tgz",
          "integrity": "sha512-z9kApYUOCwoeZ78rfRYYWdiU/iNL6mwwYlkkZfJoyMR1xps+NEBX5X7XmRpxkZHhXJ6+Ey00IwKxBBSW9FIjyA=="
        }
      }
    },
    "yargs-parser": {
      "version": "20.2.9",
      "resolved": "https://registry.npmmirror.com/yargs-parser/download/yargs-parser-20.2.9.tgz?cache=0&sync_timestamp=1637031026741&other_urls=https%3A%2F%2Fregistry.npmmirror.com%2Fyargs-parser%2Fdownload%2Fyargs-parser-20.2.9.tgz",
      "integrity": "sha1-LrfcOwKJcY/ClfNidThFxBoMlO4="
    },
    "yn": {
      "version": "3.1.1",
      "resolved": "https://registry.nlark.com/yn/download/yn-3.1.1.tgz",
      "integrity": "sha1-HodAGgnXZ8HV6rJqbkwYUYLS61A=",
      "dev": true
    },
    "zen-observable": {
      "version": "0.8.15",
      "resolved": "https://registry.npmmirror.com/zen-observable/download/zen-observable-0.8.15.tgz",
      "integrity": "sha1-lkFcUS2OP/2SCv04iWBOMLnqrBU="
    },
    "zen-observable-ts": {
      "version": "1.1.0",
      "resolved": "https://registry.npmmirror.com/zen-observable-ts/download/zen-observable-ts-1.1.0.tgz",
      "integrity": "sha1-LRqp15uHBY6bdWmLknkcGDhVH4M=",
      "requires": {
        "@types/zen-observable": "0.8.3",
        "zen-observable": "0.8.15"
      }
    }
  }
}
